// !$*UTF8*$!
{
	archiveVersion = 1;
	classes = {
	};
	objectVersion = 51;
	objects = {

/* Begin PBXBuildFile section */
		019201A476218A88CA52E51B /* Pods_Parstagram_ParstagramUITests.framework in Frameworks */ = {isa = PBXBuildFile; fileRef = C8411133F383BED00E01D2F2 /* Pods_Parstagram_ParstagramUITests.framework */; };
		7C7E65AB5D1DD06D9C81DB3D /* Pods_Parstagram.framework in Frameworks */ = {isa = PBXBuildFile; fileRef = 1B5A60130147076858E6B5A5 /* Pods_Parstagram.framework */; };
		803332B6253027F100983259 /* CommentCell.swift in Sources */ = {isa = PBXBuildFile; fileRef = 803332B5253027F100983259 /* CommentCell.swift */; };
		80F0BDD1252857D8005143CF /* AppDelegate.swift in Sources */ = {isa = PBXBuildFile; fileRef = 80F0BDD0252857D8005143CF /* AppDelegate.swift */; };
		80F0BDD3252857D8005143CF /* SceneDelegate.swift in Sources */ = {isa = PBXBuildFile; fileRef = 80F0BDD2252857D8005143CF /* SceneDelegate.swift */; };
		80F0BDD8252857D8005143CF /* Main.storyboard in Resources */ = {isa = PBXBuildFile; fileRef = 80F0BDD6252857D8005143CF /* Main.storyboard */; };
		80F0BDDA252857D9005143CF /* Assets.xcassets in Resources */ = {isa = PBXBuildFile; fileRef = 80F0BDD9252857D9005143CF /* Assets.xcassets */; };
		80F0BDDD252857D9005143CF /* LaunchScreen.storyboard in Resources */ = {isa = PBXBuildFile; fileRef = 80F0BDDB252857D9005143CF /* LaunchScreen.storyboard */; };
		80F0BDE8252857DA005143CF /* ParstagramTests.swift in Sources */ = {isa = PBXBuildFile; fileRef = 80F0BDE7252857DA005143CF /* ParstagramTests.swift */; };
		80F0BDF3252857DA005143CF /* ParstagramUITests.swift in Sources */ = {isa = PBXBuildFile; fileRef = 80F0BDF2252857DA005143CF /* ParstagramUITests.swift */; };
		80F0BE102528597D005143CF /* LoginViewController.swift in Sources */ = {isa = PBXBuildFile; fileRef = 80F0BE0F2528597D005143CF /* LoginViewController.swift */; };
		80F0BE1525285988005143CF /* FeedViewController.swift in Sources */ = {isa = PBXBuildFile; fileRef = 80F0BE1425285988005143CF /* FeedViewController.swift */; };
		80F0BE1A252861F1005143CF /* CameraViewController.swift in Sources */ = {isa = PBXBuildFile; fileRef = 80F0BE19252861F1005143CF /* CameraViewController.swift */; };
		80F0BE2D252873AE005143CF /* PostCell.swift in Sources */ = {isa = PBXBuildFile; fileRef = 80F0BE2C252873AE005143CF /* PostCell.swift */; };
		A1469AB6C7DAD7EB7E7E584B /* Pods_ParstagramTests.framework in Frameworks */ = {isa = PBXBuildFile; fileRef = 648311F53A3274E200E9093E /* Pods_ParstagramTests.framework */; };
/* End PBXBuildFile section */

/* Begin PBXContainerItemProxy section */
		80F0BDE4252857DA005143CF /* PBXContainerItemProxy */ = {
			isa = PBXContainerItemProxy;
			containerPortal = 80F0BDC5252857D8005143CF /* Project object */;
			proxyType = 1;
			remoteGlobalIDString = 80F0BDCC252857D8005143CF;
			remoteInfo = Parstagram;
		};
		80F0BDEF252857DA005143CF /* PBXContainerItemProxy */ = {
			isa = PBXContainerItemProxy;
			containerPortal = 80F0BDC5252857D8005143CF /* Project object */;
			proxyType = 1;
			remoteGlobalIDString = 80F0BDCC252857D8005143CF;
			remoteInfo = Parstagram;
		};
/* End PBXContainerItemProxy section */

/* Begin PBXFileReference section */
		1B5A60130147076858E6B5A5 /* Pods_Parstagram.framework */ = {isa = PBXFileReference; explicitFileType = wrapper.framework; includeInIndex = 0; path = Pods_Parstagram.framework; sourceTree = BUILT_PRODUCTS_DIR; };
		5346EF7221A7E25F30E0245B /* Pods-ParstagramTests.release.xcconfig */ = {isa = PBXFileReference; includeInIndex = 1; lastKnownFileType = text.xcconfig; name = "Pods-ParstagramTests.release.xcconfig"; path = "Target Support Files/Pods-ParstagramTests/Pods-ParstagramTests.release.xcconfig"; sourceTree = "<group>"; };
		556170ED194DDDA881E439D6 /* Pods-Parstagram-ParstagramUITests.debug.xcconfig */ = {isa = PBXFileReference; includeInIndex = 1; lastKnownFileType = text.xcconfig; name = "Pods-Parstagram-ParstagramUITests.debug.xcconfig"; path = "Target Support Files/Pods-Parstagram-ParstagramUITests/Pods-Parstagram-ParstagramUITests.debug.xcconfig"; sourceTree = "<group>"; };
		63779C403EEE0F0556AFBACC /* Pods-ParstagramTests.debug.xcconfig */ = {isa = PBXFileReference; includeInIndex = 1; lastKnownFileType = text.xcconfig; name = "Pods-ParstagramTests.debug.xcconfig"; path = "Target Support Files/Pods-ParstagramTests/Pods-ParstagramTests.debug.xcconfig"; sourceTree = "<group>"; };
		648311F53A3274E200E9093E /* Pods_ParstagramTests.framework */ = {isa = PBXFileReference; explicitFileType = wrapper.framework; includeInIndex = 0; path = Pods_ParstagramTests.framework; sourceTree = BUILT_PRODUCTS_DIR; };
		6C0C94243154D45B568C4CAA /* Pods-Parstagram.debug.xcconfig */ = {isa = PBXFileReference; includeInIndex = 1; lastKnownFileType = text.xcconfig; name = "Pods-Parstagram.debug.xcconfig"; path = "Target Support Files/Pods-Parstagram/Pods-Parstagram.debug.xcconfig"; sourceTree = "<group>"; };
		803332B5253027F100983259 /* CommentCell.swift */ = {isa = PBXFileReference; lastKnownFileType = sourcecode.swift; path = CommentCell.swift; sourceTree = "<group>"; };
		80F0BDCD252857D8005143CF /* Parstagram.app */ = {isa = PBXFileReference; explicitFileType = wrapper.application; includeInIndex = 0; path = Parstagram.app; sourceTree = BUILT_PRODUCTS_DIR; };
		80F0BDD0252857D8005143CF /* AppDelegate.swift */ = {isa = PBXFileReference; lastKnownFileType = sourcecode.swift; path = AppDelegate.swift; sourceTree = "<group>"; };
		80F0BDD2252857D8005143CF /* SceneDelegate.swift */ = {isa = PBXFileReference; lastKnownFileType = sourcecode.swift; path = SceneDelegate.swift; sourceTree = "<group>"; };
		80F0BDD7252857D8005143CF /* Base */ = {isa = PBXFileReference; lastKnownFileType = file.storyboard; name = Base; path = Base.lproj/Main.storyboard; sourceTree = "<group>"; };
		80F0BDD9252857D9005143CF /* Assets.xcassets */ = {isa = PBXFileReference; lastKnownFileType = folder.assetcatalog; path = Assets.xcassets; sourceTree = "<group>"; };
		80F0BDDC252857D9005143CF /* Base */ = {isa = PBXFileReference; lastKnownFileType = file.storyboard; name = Base; path = Base.lproj/LaunchScreen.storyboard; sourceTree = "<group>"; };
		80F0BDDE252857D9005143CF /* Info.plist */ = {isa = PBXFileReference; lastKnownFileType = text.plist.xml; path = Info.plist; sourceTree = "<group>"; };
		80F0BDE3252857DA005143CF /* ParstagramTests.xctest */ = {isa = PBXFileReference; explicitFileType = wrapper.cfbundle; includeInIndex = 0; path = ParstagramTests.xctest; sourceTree = BUILT_PRODUCTS_DIR; };
		80F0BDE7252857DA005143CF /* ParstagramTests.swift */ = {isa = PBXFileReference; lastKnownFileType = sourcecode.swift; path = ParstagramTests.swift; sourceTree = "<group>"; };
		80F0BDE9252857DA005143CF /* Info.plist */ = {isa = PBXFileReference; lastKnownFileType = text.plist.xml; path = Info.plist; sourceTree = "<group>"; };
		80F0BDEE252857DA005143CF /* ParstagramUITests.xctest */ = {isa = PBXFileReference; explicitFileType = wrapper.cfbundle; includeInIndex = 0; path = ParstagramUITests.xctest; sourceTree = BUILT_PRODUCTS_DIR; };
		80F0BDF2252857DA005143CF /* ParstagramUITests.swift */ = {isa = PBXFileReference; lastKnownFileType = sourcecode.swift; path = ParstagramUITests.swift; sourceTree = "<group>"; };
		80F0BDF4252857DA005143CF /* Info.plist */ = {isa = PBXFileReference; lastKnownFileType = text.plist.xml; path = Info.plist; sourceTree = "<group>"; };
		80F0BE0F2528597D005143CF /* LoginViewController.swift */ = {isa = PBXFileReference; lastKnownFileType = sourcecode.swift; path = LoginViewController.swift; sourceTree = "<group>"; };
		80F0BE1425285988005143CF /* FeedViewController.swift */ = {isa = PBXFileReference; lastKnownFileType = sourcecode.swift; path = FeedViewController.swift; sourceTree = "<group>"; };
		80F0BE19252861F1005143CF /* CameraViewController.swift */ = {isa = PBXFileReference; lastKnownFileType = sourcecode.swift; path = CameraViewController.swift; sourceTree = "<group>"; };
		80F0BE2C252873AE005143CF /* PostCell.swift */ = {isa = PBXFileReference; lastKnownFileType = sourcecode.swift; path = PostCell.swift; sourceTree = "<group>"; };
		C8411133F383BED00E01D2F2 /* Pods_Parstagram_ParstagramUITests.framework */ = {isa = PBXFileReference; explicitFileType = wrapper.framework; includeInIndex = 0; path = Pods_Parstagram_ParstagramUITests.framework; sourceTree = BUILT_PRODUCTS_DIR; };
		D598BDF89AC10C72E395FE4D /* Pods-Parstagram.release.xcconfig */ = {isa = PBXFileReference; includeInIndex = 1; lastKnownFileType = text.xcconfig; name = "Pods-Parstagram.release.xcconfig"; path = "Target Support Files/Pods-Parstagram/Pods-Parstagram.release.xcconfig"; sourceTree = "<group>"; };
		FE2D6732EF2213D8B4DEBF75 /* Pods-Parstagram-ParstagramUITests.release.xcconfig */ = {isa = PBXFileReference; includeInIndex = 1; lastKnownFileType = text.xcconfig; name = "Pods-Parstagram-ParstagramUITests.release.xcconfig"; path = "Target Support Files/Pods-Parstagram-ParstagramUITests/Pods-Parstagram-ParstagramUITests.release.xcconfig"; sourceTree = "<group>"; };
/* End PBXFileReference section */

/* Begin PBXFrameworksBuildPhase section */
		80F0BDCA252857D8005143CF /* Frameworks */ = {
			isa = PBXFrameworksBuildPhase;
			buildActionMask = 2147483647;
			files = (
				7C7E65AB5D1DD06D9C81DB3D /* Pods_Parstagram.framework in Frameworks */,
			);
			runOnlyForDeploymentPostprocessing = 0;
		};
		80F0BDE0252857DA005143CF /* Frameworks */ = {
			isa = PBXFrameworksBuildPhase;
			buildActionMask = 2147483647;
			files = (
				A1469AB6C7DAD7EB7E7E584B /* Pods_ParstagramTests.framework in Frameworks */,
			);
			runOnlyForDeploymentPostprocessing = 0;
		};
		80F0BDEB252857DA005143CF /* Frameworks */ = {
			isa = PBXFrameworksBuildPhase;
			buildActionMask = 2147483647;
			files = (
				019201A476218A88CA52E51B /* Pods_Parstagram_ParstagramUITests.framework in Frameworks */,
			);
			runOnlyForDeploymentPostprocessing = 0;
		};
/* End PBXFrameworksBuildPhase section */

/* Begin PBXGroup section */
		64F90D2210F00C723D60660A /* Frameworks */ = {
			isa = PBXGroup;
			children = (
				1B5A60130147076858E6B5A5 /* Pods_Parstagram.framework */,
				C8411133F383BED00E01D2F2 /* Pods_Parstagram_ParstagramUITests.framework */,
				648311F53A3274E200E9093E /* Pods_ParstagramTests.framework */,
			);
			name = Frameworks;
			sourceTree = "<group>";
		};
		80F0BDC4252857D8005143CF = {
			isa = PBXGroup;
			children = (
				80F0BDCF252857D8005143CF /* Parstagram */,
				80F0BDE6252857DA005143CF /* ParstagramTests */,
				80F0BDF1252857DA005143CF /* ParstagramUITests */,
				80F0BDCE252857D8005143CF /* Products */,
				C215E30779342B06C65F9D8E /* Pods */,
				64F90D2210F00C723D60660A /* Frameworks */,
			);
			sourceTree = "<group>";
		};
		80F0BDCE252857D8005143CF /* Products */ = {
			isa = PBXGroup;
			children = (
				80F0BDCD252857D8005143CF /* Parstagram.app */,
				80F0BDE3252857DA005143CF /* ParstagramTests.xctest */,
				80F0BDEE252857DA005143CF /* ParstagramUITests.xctest */,
			);
			name = Products;
			sourceTree = "<group>";
		};
		80F0BDCF252857D8005143CF /* Parstagram */ = {
			isa = PBXGroup;
			children = (
				80F0BDD0252857D8005143CF /* AppDelegate.swift */,
				80F0BDD2252857D8005143CF /* SceneDelegate.swift */,
				80F0BDD6252857D8005143CF /* Main.storyboard */,
				80F0BDD9252857D9005143CF /* Assets.xcassets */,
				80F0BDDB252857D9005143CF /* LaunchScreen.storyboard */,
				80F0BDDE252857D9005143CF /* Info.plist */,
				80F0BE0F2528597D005143CF /* LoginViewController.swift */,
				80F0BE1425285988005143CF /* FeedViewController.swift */,
				80F0BE19252861F1005143CF /* CameraViewController.swift */,
				80F0BE2C252873AE005143CF /* PostCell.swift */,
				803332B5253027F100983259 /* CommentCell.swift */,
			);
			path = Parstagram;
			sourceTree = "<group>";
		};
		80F0BDE6252857DA005143CF /* ParstagramTests */ = {
			isa = PBXGroup;
			children = (
				80F0BDE7252857DA005143CF /* ParstagramTests.swift */,
				80F0BDE9252857DA005143CF /* Info.plist */,
			);
			path = ParstagramTests;
			sourceTree = "<group>";
		};
		80F0BDF1252857DA005143CF /* ParstagramUITests */ = {
			isa = PBXGroup;
			children = (
				80F0BDF2252857DA005143CF /* ParstagramUITests.swift */,
				80F0BDF4252857DA005143CF /* Info.plist */,
			);
			path = ParstagramUITests;
			sourceTree = "<group>";
		};
		C215E30779342B06C65F9D8E /* Pods */ = {
			isa = PBXGroup;
			children = (
				6C0C94243154D45B568C4CAA /* Pods-Parstagram.debug.xcconfig */,
				D598BDF89AC10C72E395FE4D /* Pods-Parstagram.release.xcconfig */,
				556170ED194DDDA881E439D6 /* Pods-Parstagram-ParstagramUITests.debug.xcconfig */,
				FE2D6732EF2213D8B4DEBF75 /* Pods-Parstagram-ParstagramUITests.release.xcconfig */,
				63779C403EEE0F0556AFBACC /* Pods-ParstagramTests.debug.xcconfig */,
				5346EF7221A7E25F30E0245B /* Pods-ParstagramTests.release.xcconfig */,
			);
			path = Pods;
			sourceTree = "<group>";
		};
/* End PBXGroup section */

/* Begin PBXNativeTarget section */
		80F0BDCC252857D8005143CF /* Parstagram */ = {
			isa = PBXNativeTarget;
			buildConfigurationList = 80F0BDF7252857DA005143CF /* Build configuration list for PBXNativeTarget "Parstagram" */;
			buildPhases = (
				0D321F47713CD53DCE378C63 /* [CP] Check Pods Manifest.lock */,
				80F0BDC9252857D8005143CF /* Sources */,
				80F0BDCA252857D8005143CF /* Frameworks */,
				80F0BDCB252857D8005143CF /* Resources */,
				9D837723A1F454E11465A745 /* [CP] Embed Pods Frameworks */,
			);
			buildRules = (
			);
			dependencies = (
			);
			name = Parstagram;
			productName = Parstagram;
			productReference = 80F0BDCD252857D8005143CF /* Parstagram.app */;
			productType = "com.apple.product-type.application";
		};
		80F0BDE2252857DA005143CF /* ParstagramTests */ = {
			isa = PBXNativeTarget;
			buildConfigurationList = 80F0BDFA252857DA005143CF /* Build configuration list for PBXNativeTarget "ParstagramTests" */;
			buildPhases = (
				4C3FD3CD50D4BD5962FC2DED /* [CP] Check Pods Manifest.lock */,
				80F0BDDF252857DA005143CF /* Sources */,
				80F0BDE0252857DA005143CF /* Frameworks */,
				80F0BDE1252857DA005143CF /* Resources */,
			);
			buildRules = (
			);
			dependencies = (
				80F0BDE5252857DA005143CF /* PBXTargetDependency */,
			);
			name = ParstagramTests;
			productName = ParstagramTests;
			productReference = 80F0BDE3252857DA005143CF /* ParstagramTests.xctest */;
			productType = "com.apple.product-type.bundle.unit-test";
		};
		80F0BDED252857DA005143CF /* ParstagramUITests */ = {
			isa = PBXNativeTarget;
			buildConfigurationList = 80F0BDFD252857DA005143CF /* Build configuration list for PBXNativeTarget "ParstagramUITests" */;
			buildPhases = (
				70BFDE2EE04B4D75A70672F5 /* [CP] Check Pods Manifest.lock */,
				80F0BDEA252857DA005143CF /* Sources */,
				80F0BDEB252857DA005143CF /* Frameworks */,
				80F0BDEC252857DA005143CF /* Resources */,
				C695531A2A2917877E4AAB58 /* [CP] Embed Pods Frameworks */,
			);
			buildRules = (
			);
			dependencies = (
				80F0BDF0252857DA005143CF /* PBXTargetDependency */,
			);
			name = ParstagramUITests;
			productName = ParstagramUITests;
			productReference = 80F0BDEE252857DA005143CF /* ParstagramUITests.xctest */;
			productType = "com.apple.product-type.bundle.ui-testing";
		};
/* End PBXNativeTarget section */

/* Begin PBXProject section */
		80F0BDC5252857D8005143CF /* Project object */ = {
			isa = PBXProject;
			attributes = {
				LastSwiftUpdateCheck = 1200;
				LastUpgradeCheck = 1200;
				TargetAttributes = {
					80F0BDCC252857D8005143CF = {
						CreatedOnToolsVersion = 12.0;
					};
					80F0BDE2252857DA005143CF = {
						CreatedOnToolsVersion = 12.0;
						TestTargetID = 80F0BDCC252857D8005143CF;
					};
					80F0BDED252857DA005143CF = {
						CreatedOnToolsVersion = 12.0;
						TestTargetID = 80F0BDCC252857D8005143CF;
					};
				};
			};
			buildConfigurationList = 80F0BDC8252857D8005143CF /* Build configuration list for PBXProject "Parstagram" */;
			compatibilityVersion = "Xcode 9.3";
			developmentRegion = en;
			hasScannedForEncodings = 0;
			knownRegions = (
				en,
				Base,
			);
			mainGroup = 80F0BDC4252857D8005143CF;
			productRefGroup = 80F0BDCE252857D8005143CF /* Products */;
			projectDirPath = "";
			projectRoot = "";
			targets = (
				80F0BDCC252857D8005143CF /* Parstagram */,
				80F0BDE2252857DA005143CF /* ParstagramTests */,
				80F0BDED252857DA005143CF /* ParstagramUITests */,
			);
		};
/* End PBXProject section */

/* Begin PBXResourcesBuildPhase section */
		80F0BDCB252857D8005143CF /* Resources */ = {
			isa = PBXResourcesBuildPhase;
			buildActionMask = 2147483647;
			files = (
				80F0BDDD252857D9005143CF /* LaunchScreen.storyboard in Resources */,
				80F0BDDA252857D9005143CF /* Assets.xcassets in Resources */,
				80F0BDD8252857D8005143CF /* Main.storyboard in Resources */,
			);
			runOnlyForDeploymentPostprocessing = 0;
		};
		80F0BDE1252857DA005143CF /* Resources */ = {
			isa = PBXResourcesBuildPhase;
			buildActionMask = 2147483647;
			files = (
			);
			runOnlyForDeploymentPostprocessing = 0;
		};
		80F0BDEC252857DA005143CF /* Resources */ = {
			isa = PBXResourcesBuildPhase;
			buildActionMask = 2147483647;
			files = (
			);
			runOnlyForDeploymentPostprocessing = 0;
		};
/* End PBXResourcesBuildPhase section */

/* Begin PBXShellScriptBuildPhase section */
		0D321F47713CD53DCE378C63 /* [CP] Check Pods Manifest.lock */ = {
			isa = PBXShellScriptBuildPhase;
			buildActionMask = 2147483647;
			files = (
			);
			inputFileListPaths = (
			);
			inputPaths = (
				"${PODS_PODFILE_DIR_PATH}/Podfile.lock",
				"${PODS_ROOT}/Manifest.lock",
			);
			name = "[CP] Check Pods Manifest.lock";
			outputFileListPaths = (
			);
			outputPaths = (
				"$(DERIVED_FILE_DIR)/Pods-Parstagram-checkManifestLockResult.txt",
			);
			runOnlyForDeploymentPostprocessing = 0;
			shellPath = /bin/sh;
			shellScript = "diff \"${PODS_PODFILE_DIR_PATH}/Podfile.lock\" \"${PODS_ROOT}/Manifest.lock\" > /dev/null\nif [ $? != 0 ] ; then\n    # print error to STDERR\n    echo \"error: The sandbox is not in sync with the Podfile.lock. Run 'pod install' or update your CocoaPods installation.\" >&2\n    exit 1\nfi\n# This output is used by Xcode 'outputs' to avoid re-running this script phase.\necho \"SUCCESS\" > \"${SCRIPT_OUTPUT_FILE_0}\"\n";
			showEnvVarsInLog = 0;
		};
		4C3FD3CD50D4BD5962FC2DED /* [CP] Check Pods Manifest.lock */ = {
			isa = PBXShellScriptBuildPhase;
			buildActionMask = 2147483647;
			files = (
			);
			inputFileListPaths = (
			);
			inputPaths = (
				"${PODS_PODFILE_DIR_PATH}/Podfile.lock",
				"${PODS_ROOT}/Manifest.lock",
			);
			name = "[CP] Check Pods Manifest.lock";
			outputFileListPaths = (
			);
			outputPaths = (
				"$(DERIVED_FILE_DIR)/Pods-ParstagramTests-checkManifestLockResult.txt",
			);
			runOnlyForDeploymentPostprocessing = 0;
			shellPath = /bin/sh;
			shellScript = "diff \"${PODS_PODFILE_DIR_PATH}/Podfile.lock\" \"${PODS_ROOT}/Manifest.lock\" > /dev/null\nif [ $? != 0 ] ; then\n    # print error to STDERR\n    echo \"error: The sandbox is not in sync with the Podfile.lock. Run 'pod install' or update your CocoaPods installation.\" >&2\n    exit 1\nfi\n# This output is used by Xcode 'outputs' to avoid re-running this script phase.\necho \"SUCCESS\" > \"${SCRIPT_OUTPUT_FILE_0}\"\n";
			showEnvVarsInLog = 0;
		};
		70BFDE2EE04B4D75A70672F5 /* [CP] Check Pods Manifest.lock */ = {
			isa = PBXShellScriptBuildPhase;
			buildActionMask = 2147483647;
			files = (
			);
			inputFileListPaths = (
			);
			inputPaths = (
				"${PODS_PODFILE_DIR_PATH}/Podfile.lock",
				"${PODS_ROOT}/Manifest.lock",
			);
			name = "[CP] Check Pods Manifest.lock";
			outputFileListPaths = (
			);
			outputPaths = (
				"$(DERIVED_FILE_DIR)/Pods-Parstagram-ParstagramUITests-checkManifestLockResult.txt",
			);
			runOnlyForDeploymentPostprocessing = 0;
			shellPath = /bin/sh;
			shellScript = "diff \"${PODS_PODFILE_DIR_PATH}/Podfile.lock\" \"${PODS_ROOT}/Manifest.lock\" > /dev/null\nif [ $? != 0 ] ; then\n    # print error to STDERR\n    echo \"error: The sandbox is not in sync with the Podfile.lock. Run 'pod install' or update your CocoaPods installation.\" >&2\n    exit 1\nfi\n# This output is used by Xcode 'outputs' to avoid re-running this script phase.\necho \"SUCCESS\" > \"${SCRIPT_OUTPUT_FILE_0}\"\n";
			showEnvVarsInLog = 0;
		};
		9D837723A1F454E11465A745 /* [CP] Embed Pods Frameworks */ = {
			isa = PBXShellScriptBuildPhase;
			buildActionMask = 2147483647;
			files = (
			);
			inputFileListPaths = (
				"${PODS_ROOT}/Target Support Files/Pods-Parstagram/Pods-Parstagram-frameworks-${CONFIGURATION}-input-files.xcfilelist",
			);
			name = "[CP] Embed Pods Frameworks";
			outputFileListPaths = (
				"${PODS_ROOT}/Target Support Files/Pods-Parstagram/Pods-Parstagram-frameworks-${CONFIGURATION}-output-files.xcfilelist",
			);
			runOnlyForDeploymentPostprocessing = 0;
			shellPath = /bin/sh;
			shellScript = "\"${PODS_ROOT}/Target Support Files/Pods-Parstagram/Pods-Parstagram-frameworks.sh\"\n";
			showEnvVarsInLog = 0;
		};
		C695531A2A2917877E4AAB58 /* [CP] Embed Pods Frameworks */ = {
			isa = PBXShellScriptBuildPhase;
			buildActionMask = 2147483647;
			files = (
			);
			inputFileListPaths = (
				"${PODS_ROOT}/Target Support Files/Pods-Parstagram-ParstagramUITests/Pods-Parstagram-ParstagramUITests-frameworks-${CONFIGURATION}-input-files.xcfilelist",
			);
			name = "[CP] Embed Pods Frameworks";
			outputFileListPaths = (
				"${PODS_ROOT}/Target Support Files/Pods-Parstagram-ParstagramUITests/Pods-Parstagram-ParstagramUITests-frameworks-${CONFIGURATION}-output-files.xcfilelist",
			);
			runOnlyForDeploymentPostprocessing = 0;
			shellPath = /bin/sh;
			shellScript = "\"${PODS_ROOT}/Target Support Files/Pods-Parstagram-ParstagramUITests/Pods-Parstagram-ParstagramUITests-frameworks.sh\"\n";
			showEnvVarsInLog = 0;
		};
/* End PBXShellScriptBuildPhase section */

/* Begin PBXSourcesBuildPhase section */
		80F0BDC9252857D8005143CF /* Sources */ = {
			isa = PBXSourcesBuildPhase;
			buildActionMask = 2147483647;
			files = (
				80F0BE102528597D005143CF /* LoginViewController.swift in Sources */,
				80F0BE1A252861F1005143CF /* CameraViewController.swift in Sources */,
				80F0BDD1252857D8005143CF /* AppDelegate.swift in Sources */,
				80F0BE1525285988005143CF /* FeedViewController.swift in Sources */,
				80F0BDD3252857D8005143CF /* SceneDelegate.swift in Sources */,
				80F0BE2D252873AE005143CF /* PostCell.swift in Sources */,
				803332B6253027F100983259 /* CommentCell.swift in Sources */,
			);
			runOnlyForDeploymentPostprocessing = 0;
		};
		80F0BDDF252857DA005143CF /* Sources */ = {
			isa = PBXSourcesBuildPhase;
			buildActionMask = 2147483647;
			files = (
				80F0BDE8252857DA005143CF /* ParstagramTests.swift in Sources */,
			);
			runOnlyForDeploymentPostprocessing = 0;
		};
		80F0BDEA252857DA005143CF /* Sources */ = {
			isa = PBXSourcesBuildPhase;
			buildActionMask = 2147483647;
			files = (
				80F0BDF3252857DA005143CF /* ParstagramUITests.swift in Sources */,
			);
			runOnlyForDeploymentPostprocessing = 0;
		};
/* End PBXSourcesBuildPhase section */

/* Begin PBXTargetDependency section */
		80F0BDE5252857DA005143CF /* PBXTargetDependency */ = {
			isa = PBXTargetDependency;
			target = 80F0BDCC252857D8005143CF /* Parstagram */;
			targetProxy = 80F0BDE4252857DA005143CF /* PBXContainerItemProxy */;
		};
		80F0BDF0252857DA005143CF /* PBXTargetDependency */ = {
			isa = PBXTargetDependency;
			target = 80F0BDCC252857D8005143CF /* Parstagram */;
			targetProxy = 80F0BDEF252857DA005143CF /* PBXContainerItemProxy */;
		};
/* End PBXTargetDependency section */

/* Begin PBXVariantGroup section */
		80F0BDD6252857D8005143CF /* Main.storyboard */ = {
			isa = PBXVariantGroup;
			children = (
				80F0BDD7252857D8005143CF /* Base */,
			);
			name = Main.storyboard;
			sourceTree = "<group>";
		};
		80F0BDDB252857D9005143CF /* LaunchScreen.storyboard */ = {
			isa = PBXVariantGroup;
			children = (
				80F0BDDC252857D9005143CF /* Base */,
			);
			name = LaunchScreen.storyboard;
			sourceTree = "<group>";
		};
/* End PBXVariantGroup section */

/* Begin XCBuildConfiguration section */
		80F0BDF5252857DA005143CF /* Debug */ = {
			isa = XCBuildConfiguration;
			buildSettings = {
				ALWAYS_SEARCH_USER_PATHS = NO;
				CLANG_ANALYZER_NONNULL = YES;
				CLANG_ANALYZER_NUMBER_OBJECT_CONVERSION = YES_AGGRESSIVE;
				CLANG_CXX_LANGUAGE_STANDARD = "gnu++14";
				CLANG_CXX_LIBRARY = "libc++";
				CLANG_ENABLE_MODULES = YES;
				CLANG_ENABLE_OBJC_ARC = YES;
				CLANG_ENABLE_OBJC_WEAK = YES;
				CLANG_WARN_BLOCK_CAPTURE_AUTORELEASING = YES;
				CLANG_WARN_BOOL_CONVERSION = YES;
				CLANG_WARN_COMMA = YES;
				CLANG_WARN_CONSTANT_CONVERSION = YES;
				CLANG_WARN_DEPRECATED_OBJC_IMPLEMENTATIONS = YES;
				CLANG_WARN_DIRECT_OBJC_ISA_USAGE = YES_ERROR;
				CLANG_WARN_DOCUMENTATION_COMMENTS = YES;
				CLANG_WARN_EMPTY_BODY = YES;
				CLANG_WARN_ENUM_CONVERSION = YES;
				CLANG_WARN_INFINITE_RECURSION = YES;
				CLANG_WARN_INT_CONVERSION = YES;
				CLANG_WARN_NON_LITERAL_NULL_CONVERSION = YES;
				CLANG_WARN_OBJC_IMPLICIT_RETAIN_SELF = YES;
				CLANG_WARN_OBJC_LITERAL_CONVERSION = YES;
				CLANG_WARN_OBJC_ROOT_CLASS = YES_ERROR;
				CLANG_WARN_QUOTED_INCLUDE_IN_FRAMEWORK_HEADER = YES;
				CLANG_WARN_RANGE_LOOP_ANALYSIS = YES;
				CLANG_WARN_STRICT_PROTOTYPES = YES;
				CLANG_WARN_SUSPICIOUS_MOVE = YES;
				CLANG_WARN_UNGUARDED_AVAILABILITY = YES_AGGRESSIVE;
				CLANG_WARN_UNREACHABLE_CODE = YES;
				CLANG_WARN__DUPLICATE_METHOD_MATCH = YES;
				COPY_PHASE_STRIP = NO;
				DEBUG_INFORMATION_FORMAT = dwarf;
				ENABLE_STRICT_OBJC_MSGSEND = YES;
				ENABLE_TESTABILITY = YES;
				GCC_C_LANGUAGE_STANDARD = gnu11;
				GCC_DYNAMIC_NO_PIC = NO;
				GCC_NO_COMMON_BLOCKS = YES;
				GCC_OPTIMIZATION_LEVEL = 0;
				GCC_PREPROCESSOR_DEFINITIONS = (
					"DEBUG=1",
					"$(inherited)",
				);
				GCC_WARN_64_TO_32_BIT_CONVERSION = YES;
				GCC_WARN_ABOUT_RETURN_TYPE = YES_ERROR;
				GCC_WARN_UNDECLARED_SELECTOR = YES;
				GCC_WARN_UNINITIALIZED_AUTOS = YES_AGGRESSIVE;
				GCC_WARN_UNUSED_FUNCTION = YES;
				GCC_WARN_UNUSED_VARIABLE = YES;
				IPHONEOS_DEPLOYMENT_TARGET = 14.0;
				MTL_ENABLE_DEBUG_INFO = INCLUDE_SOURCE;
				MTL_FAST_MATH = YES;
				ONLY_ACTIVE_ARCH = YES;
				SDKROOT = iphoneos;
				SWIFT_ACTIVE_COMPILATION_CONDITIONS = DEBUG;
				SWIFT_OPTIMIZATION_LEVEL = "-Onone";
			};
			name = Debug;
		};
		80F0BDF6252857DA005143CF /* Release */ = {
			isa = XCBuildConfiguration;
			buildSettings = {
				ALWAYS_SEARCH_USER_PATHS = NO;
				CLANG_ANALYZER_NONNULL = YES;
				CLANG_ANALYZER_NUMBER_OBJECT_CONVERSION = YES_AGGRESSIVE;
				CLANG_CXX_LANGUAGE_STANDARD = "gnu++14";
				CLANG_CXX_LIBRARY = "libc++";
				CLANG_ENABLE_MODULES = YES;
				CLANG_ENABLE_OBJC_ARC = YES;
				CLANG_ENABLE_OBJC_WEAK = YES;
				CLANG_WARN_BLOCK_CAPTURE_AUTORELEASING = YES;
				CLANG_WARN_BOOL_CONVERSION = YES;
				CLANG_WARN_COMMA = YES;
				CLANG_WARN_CONSTANT_CONVERSION = YES;
				CLANG_WARN_DEPRECATED_OBJC_IMPLEMENTATIONS = YES;
				CLANG_WARN_DIRECT_OBJC_ISA_USAGE = YES_ERROR;
				CLANG_WARN_DOCUMENTATION_COMMENTS = YES;
				CLANG_WARN_EMPTY_BODY = YES;
				CLANG_WARN_ENUM_CONVERSION = YES;
				CLANG_WARN_INFINITE_RECURSION = YES;
				CLANG_WARN_INT_CONVERSION = YES;
				CLANG_WARN_NON_LITERAL_NULL_CONVERSION = YES;
				CLANG_WARN_OBJC_IMPLICIT_RETAIN_SELF = YES;
				CLANG_WARN_OBJC_LITERAL_CONVERSION = YES;
				CLANG_WARN_OBJC_ROOT_CLASS = YES_ERROR;
				CLANG_WARN_QUOTED_INCLUDE_IN_FRAMEWORK_HEADER = YES;
				CLANG_WARN_RANGE_LOOP_ANALYSIS = YES;
				CLANG_WARN_STRICT_PROTOTYPES = YES;
				CLANG_WARN_SUSPICIOUS_MOVE = YES;
				CLANG_WARN_UNGUARDED_AVAILABILITY = YES_AGGRESSIVE;
				CLANG_WARN_UNREACHABLE_CODE = YES;
				CLANG_WARN__DUPLICATE_METHOD_MATCH = YES;
				COPY_PHASE_STRIP = NO;
				DEBUG_INFORMATION_FORMAT = "dwarf-with-dsym";
				ENABLE_NS_ASSERTIONS = NO;
				ENABLE_STRICT_OBJC_MSGSEND = YES;
				GCC_C_LANGUAGE_STANDARD = gnu11;
				GCC_NO_COMMON_BLOCKS = YES;
				GCC_WARN_64_TO_32_BIT_CONVERSION = YES;
				GCC_WARN_ABOUT_RETURN_TYPE = YES_ERROR;
				GCC_WARN_UNDECLARED_SELECTOR = YES;
				GCC_WARN_UNINITIALIZED_AUTOS = YES_AGGRESSIVE;
				GCC_WARN_UNUSED_FUNCTION = YES;
				GCC_WARN_UNUSED_VARIABLE = YES;
				IPHONEOS_DEPLOYMENT_TARGET = 14.0;
				MTL_ENABLE_DEBUG_INFO = NO;
				MTL_FAST_MATH = YES;
				SDKROOT = iphoneos;
				SWIFT_COMPILATION_MODE = wholemodule;
				SWIFT_OPTIMIZATION_LEVEL = "-O";
				VALIDATE_PRODUCT = YES;
			};
			name = Release;
		};
		80F0BDF8252857DA005143CF /* Debug */ = {
			isa = XCBuildConfiguration;
			baseConfigurationReference = 6C0C94243154D45B568C4CAA /* Pods-Parstagram.debug.xcconfig */;
			buildSettings = {
				ASSETCATALOG_COMPILER_APPICON_NAME = AppIcon;
				ASSETCATALOG_COMPILER_GLOBAL_ACCENT_COLOR_NAME = AccentColor;
				CODE_SIGN_STYLE = Automatic;
				DEVELOPMENT_TEAM = PVE468C3C9;
				INFOPLIST_FILE = Parstagram/Info.plist;
				IPHONEOS_DEPLOYMENT_TARGET = 13.0;
				LD_RUNPATH_SEARCH_PATHS = (
					"$(inherited)",
					"@executable_path/Frameworks",
				);
				PRODUCT_BUNDLE_IDENTIFIER = "benjamin-garcia.Parstagram";
				PRODUCT_NAME = "$(TARGET_NAME)";
				SWIFT_VERSION = 5.0;
				TARGETED_DEVICE_FAMILY = "1,2";
			};
			name = Debug;
		};
		80F0BDF9252857DA005143CF /* Release */ = {
			isa = XCBuildConfiguration;
			baseConfigurationReference = D598BDF89AC10C72E395FE4D /* Pods-Parstagram.release.xcconfig */;
			buildSettings = {
				ASSETCATALOG_COMPILER_APPICON_NAME = AppIcon;
				ASSETCATALOG_COMPILER_GLOBAL_ACCENT_COLOR_NAME = AccentColor;
				CODE_SIGN_STYLE = Automatic;
				DEVELOPMENT_TEAM = PVE468C3C9;
				INFOPLIST_FILE = Parstagram/Info.plist;
				IPHONEOS_DEPLOYMENT_TARGET = 13.0;
				LD_RUNPATH_SEARCH_PATHS = (
					"$(inherited)",
					"@executable_path/Frameworks",
				);
				PRODUCT_BUNDLE_IDENTIFIER = "benjamin-garcia.Parstagram";
				PRODUCT_NAME = "$(TARGET_NAME)";
				SWIFT_VERSION = 5.0;
				TARGETED_DEVICE_FAMILY = "1,2";
			};
			name = Release;
		};
		80F0BDFB252857DA005143CF /* Debug */ = {
			isa = XCBuildConfiguration;
			baseConfigurationReference = 63779C403EEE0F0556AFBACC /* Pods-ParstagramTests.debug.xcconfig */;
			buildSettings = {
				ALWAYS_EMBED_SWIFT_STANDARD_LIBRARIES = YES;
				BUNDLE_LOADER = "$(TEST_HOST)";
				CODE_SIGN_STYLE = Automatic;
				DEVELOPMENT_TEAM = PVE468C3C9;
				INFOPLIST_FILE = ParstagramTests/Info.plist;
				IPHONEOS_DEPLOYMENT_TARGET = 14.0;
				LD_RUNPATH_SEARCH_PATHS = (
					"$(inherited)",
					"@executable_path/Frameworks",
					"@loader_path/Frameworks",
				);
				PRODUCT_BUNDLE_IDENTIFIER = "benjamin-garcia.ParstagramTests";
				PRODUCT_NAME = "$(TARGET_NAME)";
				SWIFT_VERSION = 5.0;
				TARGETED_DEVICE_FAMILY = "1,2";
				TEST_HOST = "$(BUILT_PRODUCTS_DIR)/Parstagram.app/Parstagram";
			};
			name = Debug;
		};
		80F0BDFC252857DA005143CF /* Release */ = {
			isa = XCBuildConfiguration;
			baseConfigurationReference = 5346EF7221A7E25F30E0245B /* Pods-ParstagramTests.release.xcconfig */;
			buildSettings = {
				ALWAYS_EMBED_SWIFT_STANDARD_LIBRARIES = YES;
				BUNDLE_LOADER = "$(TEST_HOST)";
				CODE_SIGN_STYLE = Automatic;
				DEVELOPMENT_TEAM = PVE468C3C9;
				INFOPLIST_FILE = ParstagramTests/Info.plist;
				IPHONEOS_DEPLOYMENT_TARGET = 14.0;
				LD_RUNPATH_SEARCH_PATHS = (
					"$(inherited)",
					"@executable_path/Frameworks",
					"@loader_path/Frameworks",
				);
				PRODUCT_BUNDLE_IDENTIFIER = "benjamin-garcia.ParstagramTests";
				PRODUCT_NAME = "$(TARGET_NAME)";
				SWIFT_VERSION = 5.0;
				TARGETED_DEVICE_FAMILY = "1,2";
				TEST_HOST = "$(BUILT_PRODUCTS_DIR)/Parstagram.app/Parstagram";
			};
			name = Release;
		};
		80F0BDFE252857DA005143CF /* Debug */ = {
			isa = XCBuildConfiguration;
			baseConfigurationReference = 556170ED194DDDA881E439D6 /* Pods-Parstagram-ParstagramUITests.debug.xcconfig */;
			buildSettings = {
				ALWAYS_EMBED_SWIFT_STANDARD_LIBRARIES = YES;
				CODE_SIGN_STYLE = Automatic;
				DEVELOPMENT_TEAM = PVE468C3C9;
				INFOPLIST_FILE = ParstagramUITests/Info.plist;
				LD_RUNPATH_SEARCH_PATHS = (
					"$(inherited)",
					"@executable_path/Frameworks",
					"@loader_path/Frameworks",
				);
				PRODUCT_BUNDLE_IDENTIFIER = "benjamin-garcia.ParstagramUITests";
				PRODUCT_NAME = "$(TARGET_NAME)";
				SWIFT_VERSION = 5.0;
				TARGETED_DEVICE_FAMILY = "1,2";
				TEST_TARGET_NAME = Parstagram;
			};
			name = Debug;
		};
		80F0BDFF252857DA005143CF /* Release */ = {
			isa = XCBuildConfiguration;
			baseConfigurationReference = FE2D6732EF2213D8B4DEBF75 /* Pods-Parstagram-ParstagramUITests.release.xcconfig */;
			buildSettings = {
				ALWAYS_EMBED_SWIFT_STANDARD_LIBRARIES = YES;
				CODE_SIGN_STYLE = Automatic;
				DEVELOPMENT_TEAM = PVE468C3C9;
				INFOPLIST_FILE = ParstagramUITests/Info.plist;
				LD_RUNPATH_SEARCH_PATHS = (
					"$(inherited)",
					"@executable_path/Frameworks",
					"@loader_path/Frameworks",
				);
				PRODUCT_BUNDLE_IDENTIFIER = "benjamin-garcia.ParstagramUITests";
				PRODUCT_NAME = "$(TARGET_NAME)";
				SWIFT_VERSION = 5.0;
				TARGETED_DEVICE_FAMILY = "1,2";
				TEST_TARGET_NAME = Parstagram;
			};
			name = Release;
		};
/* End XCBuildConfiguration section */

/* Begin XCConfigurationList section */
		80F0BDC8252857D8005143CF /* Build configuration list for PBXProject "Parstagram" */ = {
			isa = XCConfigurationList;
			buildConfigurations = (
				80F0BDF5252857DA005143CF /* Debug */,
				80F0BDF6252857DA005143CF /* Release */,
			);
			defaultConfigurationIsVisible = 0;
			defaultConfigurationName = Release;
		};
		80F0BDF7252857DA005143CF /* Build configuration list for PBXNativeTarget "Parstagram" */ = {
			isa = XCConfigurationList;
			buildConfigurations = (
				80F0BDF8252857DA005143CF /* Debug */,
				80F0BDF9252857DA005143CF /* Release */,
			);
			defaultConfigurationIsVisible = 0;
			defaultConfigurationName = Release;
		};
		80F0BDFA252857DA005143CF /* Build configuration list for PBXNativeTarget "ParstagramTests" */ = {
			isa = XCConfigurationList;
			buildConfigurations = (
				80F0BDFB252857DA005143CF /* Debug */,
				80F0BDFC252857DA005143CF /* Release */,
			);
			defaultConfigurationIsVisible = 0;
			defaultConfigurationName = Release;
		};
		80F0BDFD252857DA005143CF /* Build configuration list for PBXNativeTarget "ParstagramUITests" */ = {
			isa = XCConfigurationList;
			buildConfigurations = (
				80F0BDFE252857DA005143CF /* Debug */,
				80F0BDFF252857DA005143CF /* Release */,
			);
			defaultConfigurationIsVisible = 0;
			defaultConfigurationName = Release;
		};
/* End XCConfigurationList section */
	};
	rootObject = 80F0BDC5252857D8005143CF /* Project object */;
}
